
Microsoft Visual Studio Solution File, Format Version 12.00
# Visual Studio Version 16
VisualStudioVersion = 16.0.30711.63
MinimumVisualStudioVersion = 10.0.40219.1
Project("{9A19103F-16F7-4668-BE54-9A1E7A4F7556}") = "h73.Elastic.Search", "h73.Elastic.Search\h73.Elastic.Search.csproj", "{DAFEC483-73B8-4EBB-B023-7E7DE2CFAC7D}"
EndProject
Project("{9A19103F-16F7-4668-BE54-9A1E7A4F7556}") = "h73.Elastic.Search.Tests", "h73.Elastic.Search.Tests\h73.Elastic.Search.Tests.csproj", "{CFC3AC56-13CD-48FF-9D62-48568DE9303F}"
EndProject
Project("{9A19103F-16F7-4668-BE54-9A1E7A4F7556}") = "h73.Elastic.Search.IntegrationTests", "h73.Elastic.Search.IntegrationTests\h73.Elastic.Search.IntegrationTests.csproj", "{5DAAB862-8E27-4F11-8C27-5A1AEA364906}"
EndProject
Global
	GlobalSection(SolutionConfigurationPlatforms) = preSolution
		Debug|Any CPU = Debug|Any CPU
		Release|Any CPU = Release|Any CPU
	EndGlobalSection
	GlobalSection(ProjectConfigurationPlatforms) = postSolution
		{DAFEC483-73B8-4EBB-B023-7E7DE2CFAC7D}.Debug|Any CPU.ActiveCfg = Debug|Any CPU
		{DAFEC483-73B8-4EBB-B023-7E7DE2CFAC7D}.Debug|Any CPU.Build.0 = Debug|Any CPU
		{DAFEC483-73B8-4EBB-B023-7E7DE2CFAC7D}.Release|Any CPU.ActiveCfg = Release|Any CPU
		{DAFEC483-73B8-4EBB-B023-7E7DE2CFAC7D}.Release|Any CPU.Build.0 = Release|Any CPU
		{CFC3AC56-13CD-48FF-9D62-48568DE9303F}.Debug|Any CPU.ActiveCfg = Debug|Any CPU
		{CFC3AC56-13CD-48FF-9D62-48568DE9303F}.Debug|Any CPU.Build.0 = Debug|Any CPU
		{CFC3AC56-13CD-48FF-9D62-48568DE9303F}.Release|Any CPU.ActiveCfg = Release|Any CPU
		{CFC3AC56-13CD-48FF-9D62-48568DE9303F}.Release|Any CPU.Build.0 = Release|Any CPU
		{5DAAB862-8E27-4F11-8C27-5A1AEA364906}.Debug|Any CPU.ActiveCfg = Debug|Any CPU
		{5DAAB862-8E27-4F11-8C27-5A1AEA364906}.Debug|Any CPU.Build.0 = Debug|Any CPU
		{5DAAB862-8E27-4F11-8C27-5A1AEA364906}.Release|Any CPU.ActiveCfg = Release|Any CPU
		{5DAAB862-8E27-4F11-8C27-5A1AEA364906}.Release|Any CPU.Build.0 = Release|Any CPU
	EndGlobalSection
	GlobalSection(SolutionProperties) = preSolution
		HideSolutionNode = FALSE
	EndGlobalSection
	GlobalSection(ExtensibilityGlobals) = postSolution
		SolutionGuid = {ACC6F51C-1A81-4F57-A2F1-E2D88BA8D3EC}
	EndGlobalSection
EndGlobal
